// !$*UTF8*$!
{
	archiveVersion = 1;
	classes = {
	};
	objectVersion = 46;
	objects = {

/* Begin PBXBuildFile section */
		9F2B79D31E1FA18D002B2323 /* main.m in Sources */ = {isa = PBXBuildFile; fileRef = 9F2B79D21E1FA18D002B2323 /* main.m */; };
		9F2B79D61E1FA18D002B2323 /* AppDelegate.m in Sources */ = {isa = PBXBuildFile; fileRef = 9F2B79D51E1FA18D002B2323 /* AppDelegate.m */; };
		9F2B79D91E1FA18D002B2323 /* ViewController.m in Sources */ = {isa = PBXBuildFile; fileRef = 9F2B79D81E1FA18D002B2323 /* ViewController.m */; };
		9F2B79DC1E1FA18D002B2323 /* Main.storyboard in Resources */ = {isa = PBXBuildFile; fileRef = 9F2B79DA1E1FA18D002B2323 /* Main.storyboard */; };
		9F2B79DE1E1FA18D002B2323 /* Assets.xcassets in Resources */ = {isa = PBXBuildFile; fileRef = 9F2B79DD1E1FA18D002B2323 /* Assets.xcassets */; };
		9F2B79E11E1FA18D002B2323 /* LaunchScreen.storyboard in Resources */ = {isa = PBXBuildFile; fileRef = 9F2B79DF1E1FA18D002B2323 /* LaunchScreen.storyboard */; };
		9F4E28431E9B7B040025D7BD /* NSObject+GCDDelayTask.m in Sources */ = {isa = PBXBuildFile; fileRef = 9F4E28421E9B7B040025D7BD /* NSObject+GCDDelayTask.m */; };
		9FD4E3391E23795D00041F2F /* JKTestObj.m in Sources */ = {isa = PBXBuildFile; fileRef = 9FD4E3381E23795D00041F2F /* JKTestObj.m */; };
		9FD4E34E1E24CD8200041F2F /* DelayTaskTestVC.m in Sources */ = {isa = PBXBuildFile; fileRef = 9FD4E34D1E24CD8200041F2F /* DelayTaskTestVC.m */; };
/* End PBXBuildFile section */

/* Begin PBXFileReference section */
		9F2B79CE1E1FA18D002B2323 /* JKAutoReleaseObject.app */ = {isa = PBXFileReference; explicitFileType = wrapper.application; includeInIndex = 0; path = JKAutoReleaseObject.app; sourceTree = BUILT_PRODUCTS_DIR; };
		9F2B79D21E1FA18D002B2323 /* main.m */ = {isa = PBXFileReference; lastKnownFileType = sourcecode.c.objc; path = main.m; sourceTree = "<group>"; };
		9F2B79D41E1FA18D002B2323 /* AppDelegate.h */ = {isa = PBXFileReference; lastKnownFileType = sourcecode.c.h; path = AppDelegate.h; sourceTree = "<group>"; };
		9F2B79D51E1FA18D002B2323 /* AppDelegate.m */ = {isa = PBXFileReference; lastKnownFileType = sourcecode.c.objc; path = AppDelegate.m; sourceTree = "<group>"; };
		9F2B79D71E1FA18D002B2323 /* ViewController.h */ = {isa = PBXFileReference; lastKnownFileType = sourcecode.c.h; path = ViewController.h; sourceTree = "<group>"; };
		9F2B79D81E1FA18D002B2323 /* ViewController.m */ = {isa = PBXFileReference; lastKnownFileType = sourcecode.c.objc; path = ViewController.m; sourceTree = "<group>"; };
		9F2B79DB1E1FA18D002B2323 /* Base */ = {isa = PBXFileReference; lastKnownFileType = file.storyboard; name = Base; path = Base.lproj/Main.storyboard; sourceTree = "<group>"; };
		9F2B79DD1E1FA18D002B2323 /* Assets.xcassets */ = {isa = PBXFileReference; lastKnownFileType = folder.assetcatalog; path = Assets.xcassets; sourceTree = "<group>"; };
		9F2B79E01E1FA18D002B2323 /* Base */ = {isa = PBXFileReference; lastKnownFileType = file.storyboard; name = Base; path = Base.lproj/LaunchScreen.storyboard; sourceTree = "<group>"; };
		9F2B79E21E1FA18D002B2323 /* Info.plist */ = {isa = PBXFileReference; lastKnownFileType = text.plist.xml; path = Info.plist; sourceTree = "<group>"; };
		9F4E28411E9B7B040025D7BD /* NSObject+GCDDelayTask.h */ = {isa = PBXFileReference; fileEncoding = 4; lastKnownFileType = sourcecode.c.h; path = "NSObject+GCDDelayTask.h"; sourceTree = "<group>"; };
		9F4E28421E9B7B040025D7BD /* NSObject+GCDDelayTask.m */ = {isa = PBXFileReference; fileEncoding = 4; lastKnownFileType = sourcecode.c.objc; path = "NSObject+GCDDelayTask.m"; sourceTree = "<group>"; };
		9FD4E3371E23795D00041F2F /* JKTestObj.h */ = {isa = PBXFileReference; fileEncoding = 4; lastKnownFileType = sourcecode.c.h; path = JKTestObj.h; sourceTree = "<group>"; };
		9FD4E3381E23795D00041F2F /* JKTestObj.m */ = {isa = PBXFileReference; fileEncoding = 4; lastKnownFileType = sourcecode.c.objc; path = JKTestObj.m; sourceTree = "<group>"; };
		9FD4E34C1E24CD8200041F2F /* DelayTaskTestVC.h */ = {isa = PBXFileReference; fileEncoding = 4; lastKnownFileType = sourcecode.c.h; path = DelayTaskTestVC.h; sourceTree = "<group>"; };
		9FD4E34D1E24CD8200041F2F /* DelayTaskTestVC.m */ = {isa = PBXFileReference; fileEncoding = 4; lastKnownFileType = sourcecode.c.objc; path = DelayTaskTestVC.m; sourceTree = "<group>"; };
/* End PBXFileReference section */

/* Begin PBXFrameworksBuildPhase section */
		9F2B79CB1E1FA18D002B2323 /* Frameworks */ = {
			isa = PBXFrameworksBuildPhase;
			buildActionMask = 2147483647;
			files = (
			);
			runOnlyForDeploymentPostprocessing = 0;
		};
/* End PBXFrameworksBuildPhase section */

/* Begin PBXGroup section */
		9F2B79C51E1FA18D002B2323 = {
			isa = PBXGroup;
			children = (
				9F2B79D01E1FA18D002B2323 /* JKAutoReleaseObject */,
				9F2B79CF1E1FA18D002B2323 /* Products */,
			);
			sourceTree = "<group>";
		};
		9F2B79CF1E1FA18D002B2323 /* Products */ = {
			isa = PBXGroup;
			children = (
				9F2B79CE1E1FA18D002B2323 /* JKAutoReleaseObject.app */,
			);
			name = Products;
			sourceTree = "<group>";
		};
		9F2B79D01E1FA18D002B2323 /* JKAutoReleaseObject */ = {
			isa = PBXGroup;
			children = (
				9F4E28401E9B7B040025D7BD /* NSObject+GCDDelayTask */,
				9F2B79D41E1FA18D002B2323 /* AppDelegate.h */,
				9F2B79D51E1FA18D002B2323 /* AppDelegate.m */,
				9F2B79D71E1FA18D002B2323 /* ViewController.h */,
				9F2B79D81E1FA18D002B2323 /* ViewController.m */,
				9FD4E34C1E24CD8200041F2F /* DelayTaskTestVC.h */,
				9FD4E34D1E24CD8200041F2F /* DelayTaskTestVC.m */,
				9FD4E3371E23795D00041F2F /* JKTestObj.h */,
				9FD4E3381E23795D00041F2F /* JKTestObj.m */,
				9F2B79DA1E1FA18D002B2323 /* Main.storyboard */,
				9F2B79DD1E1FA18D002B2323 /* Assets.xcassets */,
				9F2B79DF1E1FA18D002B2323 /* LaunchScreen.storyboard */,
				9F2B79E21E1FA18D002B2323 /* Info.plist */,
				9F2B79D11E1FA18D002B2323 /* Supporting Files */,
			);
			path = JKAutoReleaseObject;
			sourceTree = "<group>";
		};
		9F2B79D11E1FA18D002B2323 /* Supporting Files */ = {
			isa = PBXGroup;
			children = (
				9F2B79D21E1FA18D002B2323 /* main.m */,
			);
			name = "Supporting Files";
			sourceTree = "<group>";
		};
		9F4E28401E9B7B040025D7BD /* NSObject+GCDDelayTask */ = {
			isa = PBXGroup;
			children = (
				9F4E28411E9B7B040025D7BD /* NSObject+GCDDelayTask.h */,
				9F4E28421E9B7B040025D7BD /* NSObject+GCDDelayTask.m */,
			);
			path = "NSObject+GCDDelayTask";
			sourceTree = "<group>";
		};
/* End PBXGroup section */

/* Begin PBXNativeTarget section */
		9F2B79CD1E1FA18D002B2323 /* JKAutoReleaseObject */ = {
			isa = PBXNativeTarget;
			buildConfigurationList = 9F2B79E51E1FA18D002B2323 /* Build configuration list for PBXNativeTarget "JKAutoReleaseObject" */;
			buildPhases = (
				9F2B79CA1E1FA18D002B2323 /* Sources */,
				9F2B79CB1E1FA18D002B2323 /* Frameworks */,
				9F2B79CC1E1FA18D002B2323 /* Resources */,
			);
			buildRules = (
			);
			dependencies = (
			);
			name = JKAutoReleaseObject;
			productName = JKAutoReleaseObject;
			productReference = 9F2B79CE1E1FA18D002B2323 /* JKAutoReleaseObject.app */;
			productType = "com.apple.product-type.application";
		};
/* End PBXNativeTarget section */

/* Begin PBXProject section */
		9F2B79C61E1FA18D002B2323 /* Project object */ = {
			isa = PBXProject;
			attributes = {
				LastUpgradeCheck = 0820;
				ORGANIZATIONNAME = "溪枫狼";
				TargetAttributes = {
					9F2B79CD1E1FA18D002B2323 = {
						CreatedOnToolsVersion = 8.2;
						DevelopmentTeam = 5C5VZ6884A;
						ProvisioningStyle = Automatic;
					};
				};
			};
			buildConfigurationList = 9F2B79C91E1FA18D002B2323 /* Build configuration list for PBXProject "JKAutoReleaseObject" */;
			compatibilityVersion = "Xcode 3.2";
			developmentRegion = English;
			hasScannedForEncodings = 0;
			knownRegions = (
				en,
				Base,
			);
			mainGroup = 9F2B79C51E1FA18D002B2323;
			productRefGroup = 9F2B79CF1E1FA18D002B2323 /* Products */;
			projectDirPath = "";
			projectRoot = "";
			targets = (
				9F2B79CD1E1FA18D002B2323 /* JKAutoReleaseObject */,
			);
		};
/* End PBXProject section */

/* Begin PBXResourcesBuildPhase section */
		9F2B79CC1E1FA18D002B2323 /* Resources */ = {
			isa = PBXResourcesBuildPhase;
			buildActionMask = 2147483647;
			files = (
				9F2B79E11E1FA18D002B2323 /* LaunchScreen.storyboard in Resources */,
				9F2B79DE1E1FA18D002B2323 /* Assets.xcassets in Resources */,
				9F2B79DC1E1FA18D002B2323 /* Main.storyboard in Resources */,
			);
			runOnlyForDeploymentPostprocessing = 0;
		};
/* End PBXResourcesBuildPhase section */

/* Begin PBXSourcesBuildPhase section */
		9F2B79CA1E1FA18D002B2323 /* Sources */ = {
			isa = PBXSourcesBuildPhase;
			buildActionMask = 2147483647;
			files = (
				9FD4E3391E23795D00041F2F /* JKTestObj.m in Sources */,
				9F2B79D91E1FA18D002B2323 /* ViewController.m in Sources */,
				9F2B79D61E1FA18D002B2323 /* AppDelegate.m in Sources */,
				9F4E28431E9B7B040025D7BD /* NSObject+GCDDelayTask.m in Sources */,
				9F2B79D31E1FA18D002B2323 /* main.m in Sources */,
				9FD4E34E1E24CD8200041F2F /* DelayTaskTestVC.m in Sources */,
			);
			runOnlyForDeploymentPostprocessing = 0;
		};
/* End PBXSourcesBuildPhase section */

/* Begin PBXVariantGroup section */
		9F2B79DA1E1FA18D002B2323 /* Main.storyboard */ = {
			isa = PBXVariantGroup;
			children = (
				9F2B79DB1E1FA18D002B2323 /* Base */,
			);
			name = Main.storyboard;
			sourceTree = "<group>";
		};
		9F2B79DF1E1FA18D002B2323 /* LaunchScreen.storyboard */ = {
			isa = PBXVariantGroup;
			children = (
				9F2B79E01E1FA18D002B2323 /* Base */,
			);
			name = LaunchScreen.storyboard;
			sourceTree = "<group>";
		};
/* End PBXVariantGroup section */

/* Begin XCBuildConfiguration section */
		9F2B79E31E1FA18D002B2323 /* Debug */ = {
			isa = XCBuildConfiguration;
			buildSettings = {
				ALWAYS_SEARCH_USER_PATHS = NO;
				CLANG_ANALYZER_NONNULL = YES;
				CLANG_CXX_LANGUAGE_STANDARD = "gnu++0x";
				CLANG_CXX_LIBRARY = "libc++";
				CLANG_ENABLE_MODULES = YES;
				CLANG_ENABLE_OBJC_ARC = YES;
				CLANG_WARN_BOOL_CONVERSION = YES;
				CLANG_WARN_CONSTANT_CONVERSION = YES;
				CLANG_WARN_DIRECT_OBJC_ISA_USAGE = YES_ERROR;
				CLANG_WARN_DOCUMENTATION_COMMENTS = YES;
				CLANG_WARN_EMPTY_BODY = YES;
				CLANG_WARN_ENUM_CONVERSION = YES;
				CLANG_WARN_INFINITE_RECURSION = YES;
				CLANG_WARN_INT_CONVERSION = YES;
				CLANG_WARN_OBJC_ROOT_CLASS = YES_ERROR;
				CLANG_WARN_SUSPICIOUS_MOVE = YES;
				CLANG_WARN_UNREACHABLE_CODE = YES;
				CLANG_WARN__DUPLICATE_METHOD_MATCH = YES;
				"CODE_SIGN_IDENTITY[sdk=iphoneos*]" = "iPhone Developer";
				COPY_PHASE_STRIP = NO;
				DEBUG_INFORMATION_FORMAT = dwarf;
				ENABLE_STRICT_OBJC_MSGSEND = YES;
				ENABLE_TESTABILITY = YES;
				GCC_C_LANGUAGE_STANDARD = gnu99;
				GCC_DYNAMIC_NO_PIC = NO;
				GCC_NO_COMMON_BLOCKS = YES;
				GCC_OPTIMIZATION_LEVEL = 0;
				GCC_PREPROCESSOR_DEFINITIONS = (
					"DEBUG=1",
					"$(inherited)",
				);
				GCC_WARN_64_TO_32_BIT_CONVERSION = YES;
				GCC_WARN_ABOUT_RETURN_TYPE = YES_ERROR;
				GCC_WARN_UNDECLARED_SELECTOR = YES;
				GCC_WARN_UNINITIALIZED_AUTOS = YES_AGGRESSIVE;
				GCC_WARN_UNUSED_FUNCTION = YES;
				GCC_WARN_UNUSED_VARIABLE = YES;
				IPHONEOS_DEPLOYMENT_TARGET = 10.2;
				MTL_ENABLE_DEBUG_INFO = YES;
				ONLY_ACTIVE_ARCH = YES;
				SDKROOT = iphoneos;
				TARGETED_DEVICE_FAMILY = "1,2";
			};
			name = Debug;
		};
		9F2B79E41E1FA18D002B2323 /* Release */ = {
			isa = XCBuildConfiguration;
			buildSettings = {
				ALWAYS_SEARCH_USER_PATHS = NO;
				CLANG_ANALYZER_NONNULL = YES;
				CLANG_CXX_LANGUAGE_STANDARD = "gnu++0x";
				CLANG_CXX_LIBRARY = "libc++";
				CLANG_ENABLE_MODULES = YES;
				CLANG_ENABLE_OBJC_ARC = YES;
				CLANG_WARN_BOOL_CONVERSION = YES;
				CLANG_WARN_CONSTANT_CONVERSION = YES;
				CLANG_WARN_DIRECT_OBJC_ISA_USAGE = YES_ERROR;
				CLANG_WARN_DOCUMENTATION_COMMENTS = YES;
				CLANG_WARN_EMPTY_BODY = YES;
				CLANG_WARN_ENUM_CONVERSION = YES;
				CLANG_WARN_INFINITE_RECURSION = YES;
				CLANG_WARN_INT_CONVERSION = YES;
				CLANG_WARN_OBJC_ROOT_CLASS = YES_ERROR;
				CLANG_WARN_SUSPICIOUS_MOVE = YES;
				CLANG_WARN_UNREACHABLE_CODE = YES;
				CLANG_WARN__DUPLICATE_METHOD_MATCH = YES;
				"CODE_SIGN_IDENTITY[sdk=iphoneos*]" = "iPhone Developer";
				COPY_PHASE_STRIP = NO;
				DEBUG_INFORMATION_FORMAT = "dwarf-with-dsym";
				ENABLE_NS_ASSERTIONS = NO;
				ENABLE_STRICT_OBJC_MSGSEND = YES;
				GCC_C_LANGUAGE_STANDARD = gnu99;
				GCC_NO_COMMON_BLOCKS = YES;
				GCC_WARN_64_TO_32_BIT_CONVERSION = YES;
				GCC_WARN_ABOUT_RETURN_TYPE = YES_ERROR;
				GCC_WARN_UNDECLARED_SELECTOR = YES;
				GCC_WARN_UNINITIALIZED_AUTOS = YES_AGGRESSIVE;
				GCC_WARN_UNUSED_FUNCTION = YES;
				GCC_WARN_UNUSED_VARIABLE = YES;
				IPHONEOS_DEPLOYMENT_TARGET = 10.2;
				MTL_ENABLE_DEBUG_INFO = NO;
				SDKROOT = iphoneos;
				TARGETED_DEVICE_FAMILY = "1,2";
				VALIDATE_PRODUCT = YES;
			};
			name = Release;
		};
		9F2B79E61E1FA18D002B2323 /* Debug */ = {
			isa = XCBuildConfiguration;
			buildSettings = {
				ASSETCATALOG_COMPILER_APPICON_NAME = AppIcon;
				DEVELOPMENT_TEAM = 5C5VZ6884A;
				INFOPLIST_FILE = JKAutoReleaseObject/Info.plist;
				IPHONEOS_DEPLOYMENT_TARGET = 8.0;
				LD_RUNPATH_SEARCH_PATHS = "$(inherited) @executable_path/Frameworks";
				PRODUCT_BUNDLE_IDENTIFIER = net.fitcome.JKAutoReleaseObject;
				PRODUCT_NAME = "$(TARGET_NAME)";
			};
			name = Debug;
		};
		9F2B79E71E1FA18D002B2323 /* Release */ = {
			isa = XCBuildConfiguration;
			buildSettings = {
				ASSETCATALOG_COMPILER_APPICON_NAME = AppIcon;
				DEVELOPMENT_TEAM = 5C5VZ6884A;
				INFOPLIST_FILE = JKAutoReleaseObject/Info.plist;
				IPHONEOS_DEPLOYMENT_TARGET = 8.0;
				LD_RUNPATH_SEARCH_PATHS = "$(inherited) @executable_path/Frameworks";
				PRODUCT_BUNDLE_IDENTIFIER = net.fitcome.JKAutoReleaseObject;
				PRODUCT_NAME = "$(TARGET_NAME)";
			};
			name = Release;
		};
/* End XCBuildConfiguration section */

/* Begin XCConfigurationList section */
		9F2B79C91E1FA18D002B2323 /* Build configuration list for PBXProject "JKAutoReleaseObject" */ = {
			isa = XCConfigurationList;
			buildConfigurations = (
				9F2B79E31E1FA18D002B2323 /* Debug */,
				9F2B79E41E1FA18D002B2323 /* Release */,
			);
			defaultConfigurationIsVisible = 0;
			defaultConfigurationName = Release;
		};
		9F2B79E51E1FA18D002B2323 /* Build configuration list for PBXNativeTarget "JKAutoReleaseObject" */ = {
			isa = XCConfigurationList;
			buildConfigurations = (
				9F2B79E61E1FA18D002B2323 /* Debug */,
				9F2B79E71E1FA18D002B2323 /* Release */,
			);
			defaultConfigurationIsVisible = 0;
			defaultConfigurationName = Release;
		};
/* End XCConfigurationList section */
	};
	rootObject = 9F2B79C61E1FA18D002B2323 /* Project object */;
}
